// !$*UTF8*$!
{
	archiveVersion = 1;
	classes = {
	};
	objectVersion = 55;
	objects = {

/* Begin PBXBuildFile section */
		F45A7D522726DE17007D4499 /* AirportsModel.swift in Sources */ = {isa = PBXBuildFile; fileRef = F45A7D512726DE17007D4499 /* AirportsModel.swift */; };
		F45A7D542726DF2B007D4499 /* FlightAinmentViewModel.swift in Sources */ = {isa = PBXBuildFile; fileRef = F45A7D532726DF2B007D4499 /* FlightAinmentViewModel.swift */; };
		F45A7D582726EC59007D4499 /* AirportInfoView.swift in Sources */ = {isa = PBXBuildFile; fileRef = F45A7D572726EC59007D4499 /* AirportInfoView.swift */; };
		F45A7D5A2726F01B007D4499 /* TrackerMapView.swift in Sources */ = {isa = PBXBuildFile; fileRef = F45A7D592726F01B007D4499 /* TrackerMapView.swift */; };
		F4C8FA4D2716001F001FBFF3 /* Flightainment_swiftApp.swift in Sources */ = {isa = PBXBuildFile; fileRef = F4C8FA4C2716001F001FBFF3 /* Flightainment_swiftApp.swift */; };
		F4C8FA4F27160020001FBFF3 /* ContentView.swift in Sources */ = {isa = PBXBuildFile; fileRef = F4C8FA4E27160020001FBFF3 /* ContentView.swift */; };
		F4C8FA5127160031001FBFF3 /* Assets.xcassets in Resources */ = {isa = PBXBuildFile; fileRef = F4C8FA5027160031001FBFF3 /* Assets.xcassets */; };
		F4C8FA5427160031001FBFF3 /* Preview Assets.xcassets in Resources */ = {isa = PBXBuildFile; fileRef = F4C8FA5327160031001FBFF3 /* Preview Assets.xcassets */; };
/* End PBXBuildFile section */

/* Begin PBXFileReference section */
		F45A7D512726DE17007D4499 /* AirportsModel.swift */ = {isa = PBXFileReference; lastKnownFileType = sourcecode.swift; path = AirportsModel.swift; sourceTree = "<group>"; };
		F45A7D532726DF2B007D4499 /* FlightAinmentViewModel.swift */ = {isa = PBXFileReference; lastKnownFileType = sourcecode.swift; path = FlightAinmentViewModel.swift; sourceTree = "<group>"; };
		F45A7D552726E8C6007D4499 /* Flightainment-swift-Info.plist */ = {isa = PBXFileReference; lastKnownFileType = text.plist; path = "Flightainment-swift-Info.plist"; sourceTree = SOURCE_ROOT; };
		F45A7D572726EC59007D4499 /* AirportInfoView.swift */ = {isa = PBXFileReference; lastKnownFileType = sourcecode.swift; path = AirportInfoView.swift; sourceTree = "<group>"; };
		F45A7D592726F01B007D4499 /* TrackerMapView.swift */ = {isa = PBXFileReference; fileEncoding = 4; lastKnownFileType = sourcecode.swift; name = TrackerMapView.swift; path = ../../../../../TrackerMapView.swift; sourceTree = "<group>"; };
		F4C8FA492716001F001FBFF3 /* Flightainment.swift.app */ = {isa = PBXFileReference; explicitFileType = wrapper.application; includeInIndex = 0; path = Flightainment.swift.app; sourceTree = BUILT_PRODUCTS_DIR; };
		F4C8FA4C2716001F001FBFF3 /* Flightainment_swiftApp.swift */ = {isa = PBXFileReference; lastKnownFileType = sourcecode.swift; path = Flightainment_swiftApp.swift; sourceTree = "<group>"; };
		F4C8FA4E27160020001FBFF3 /* ContentView.swift */ = {isa = PBXFileReference; lastKnownFileType = sourcecode.swift; path = ContentView.swift; sourceTree = "<group>"; };
		F4C8FA5027160031001FBFF3 /* Assets.xcassets */ = {isa = PBXFileReference; lastKnownFileType = folder.assetcatalog; path = Assets.xcassets; sourceTree = "<group>"; };
		F4C8FA5327160031001FBFF3 /* Preview Assets.xcassets */ = {isa = PBXFileReference; lastKnownFileType = folder.assetcatalog; path = "Preview Assets.xcassets"; sourceTree = "<group>"; };
/* End PBXFileReference section */

/* Begin PBXFrameworksBuildPhase section */
		F4C8FA462716001F001FBFF3 /* Frameworks */ = {
			isa = PBXFrameworksBuildPhase;
			buildActionMask = 2147483647;
			files = (
			);
			runOnlyForDeploymentPostprocessing = 0;
		};
/* End PBXFrameworksBuildPhase section */

/* Begin PBXGroup section */
		F45A7D4E2726DC06007D4499 /* Model */ = {
			isa = PBXGroup;
			children = (
				F45A7D512726DE17007D4499 /* AirportsModel.swift */,
			);
			path = Model;
			sourceTree = "<group>";
		};
		F45A7D4F2726DC19007D4499 /* ViewModel */ = {
			isa = PBXGroup;
			children = (
				F45A7D532726DF2B007D4499 /* FlightAinmentViewModel.swift */,
			);
			path = ViewModel;
			sourceTree = "<group>";
		};
		F45A7D502726DC22007D4499 /* View */ = {
			isa = PBXGroup;
			children = (
				F4C8FA4E27160020001FBFF3 /* ContentView.swift */,
				F45A7D562726EB9A007D4499 /* Screens */,
			);
			path = View;
			sourceTree = "<group>";
		};
		F45A7D562726EB9A007D4499 /* Screens */ = {
			isa = PBXGroup;
			children = (
				F45A7D572726EC59007D4499 /* AirportInfoView.swift */,
				F45A7D592726F01B007D4499 /* TrackerMapView.swift */,
			);
			path = Screens;
			sourceTree = "<group>";
		};
		F4C8FA402716001F001FBFF3 = {
			isa = PBXGroup;
			children = (
				F4C8FA4B2716001F001FBFF3 /* Flightainment.swift */,
				F4C8FA4A2716001F001FBFF3 /* Products */,
			);
			sourceTree = "<group>";
		};
		F4C8FA4A2716001F001FBFF3 /* Products */ = {
			isa = PBXGroup;
			children = (
				F4C8FA492716001F001FBFF3 /* Flightainment.swift.app */,
			);
			name = Products;
			sourceTree = "<group>";
		};
		F4C8FA4B2716001F001FBFF3 /* Flightainment.swift */ = {
			isa = PBXGroup;
			children = (
				F45A7D552726E8C6007D4499 /* Flightainment-swift-Info.plist */,
				F4C8FA4C2716001F001FBFF3 /* Flightainment_swiftApp.swift */,
				F45A7D502726DC22007D4499 /* View */,
				F45A7D4F2726DC19007D4499 /* ViewModel */,
				F45A7D4E2726DC06007D4499 /* Model */,
				F4C8FA5027160031001FBFF3 /* Assets.xcassets */,
				F4C8FA5227160031001FBFF3 /* Preview Content */,
			);
			path = Flightainment.swift;
			sourceTree = "<group>";
		};
		F4C8FA5227160031001FBFF3 /* Preview Content */ = {
			isa = PBXGroup;
			children = (
				F4C8FA5327160031001FBFF3 /* Preview Assets.xcassets */,
			);
			path = "Preview Content";
			sourceTree = "<group>";
		};
/* End PBXGroup section */

/* Begin PBXNativeTarget section */
		F4C8FA482716001F001FBFF3 /* Flightainment.swift */ = {
			isa = PBXNativeTarget;
			buildConfigurationList = F4C8FA5727160031001FBFF3 /* Build configuration list for PBXNativeTarget "Flightainment.swift" */;
			buildPhases = (
				F4C8FA452716001F001FBFF3 /* Sources */,
				F4C8FA462716001F001FBFF3 /* Frameworks */,
				F4C8FA472716001F001FBFF3 /* Resources */,
			);
			buildRules = (
			);
			dependencies = (
			);
			name = Flightainment.swift;
			productName = Flightainment.swift;
			productReference = F4C8FA492716001F001FBFF3 /* Flightainment.swift.app */;
			productType = "com.apple.product-type.application";
		};
/* End PBXNativeTarget section */

/* Begin PBXProject section */
		F4C8FA412716001F001FBFF3 /* Project object */ = {
			isa = PBXProject;
			attributes = {
				BuildIndependentTargetsInParallel = 1;
				LastSwiftUpdateCheck = 1300;
				LastUpgradeCheck = 1300;
				TargetAttributes = {
					F4C8FA482716001F001FBFF3 = {
						CreatedOnToolsVersion = 13.0;
					};
				};
			};
			buildConfigurationList = F4C8FA442716001F001FBFF3 /* Build configuration list for PBXProject "Flightainment.swift" */;
			compatibilityVersion = "Xcode 13.0";
			developmentRegion = en;
			hasScannedForEncodings = 0;
			knownRegions = (
				en,
				Base,
			);
			mainGroup = F4C8FA402716001F001FBFF3;
			productRefGroup = F4C8FA4A2716001F001FBFF3 /* Products */;
			projectDirPath = "";
			projectRoot = "";
			targets = (
				F4C8FA482716001F001FBFF3 /* Flightainment.swift */,
			);
		};
/* End PBXProject section */

/* Begin PBXResourcesBuildPhase section */
		F4C8FA472716001F001FBFF3 /* Resources */ = {
			isa = PBXResourcesBuildPhase;
			buildActionMask = 2147483647;
			files = (
				F4C8FA5427160031001FBFF3 /* Preview Assets.xcassets in Resources */,
				F4C8FA5127160031001FBFF3 /* Assets.xcassets in Resources */,
			);
			runOnlyForDeploymentPostprocessing = 0;
		};
/* End PBXResourcesBuildPhase section */

/* Begin PBXSourcesBuildPhase section */
		F4C8FA452716001F001FBFF3 /* Sources */ = {
			isa = PBXSourcesBuildPhase;
			buildActionMask = 2147483647;
			files = (
				F45A7D582726EC59007D4499 /* AirportInfoView.swift in Sources */,
				F45A7D522726DE17007D4499 /* AirportsModel.swift in Sources */,
				F45A7D5A2726F01B007D4499 /* TrackerMapView.swift in Sources */,
				F45A7D542726DF2B007D4499 /* FlightAinmentViewModel.swift in Sources */,
				F4C8FA4F27160020001FBFF3 /* ContentView.swift in Sources */,
				F4C8FA4D2716001F001FBFF3 /* Flightainment_swiftApp.swift in Sources */,
			);
			runOnlyForDeploymentPostprocessing = 0;
		};
/* End PBXSourcesBuildPhase section */

/* Begin XCBuildConfiguration section */
		F4C8FA5527160031001FBFF3 /* Debug */ = {
			isa = XCBuildConfiguration;
			buildSettings = {
				ALWAYS_SEARCH_USER_PATHS = NO;
				CLANG_ANALYZER_NONNULL = YES;
				CLANG_ANALYZER_NUMBER_OBJECT_CONVERSION = YES_AGGRESSIVE;
				CLANG_CXX_LANGUAGE_STANDARD = "gnu++17";
				CLANG_CXX_LIBRARY = "libc++";
				CLANG_ENABLE_MODULES = YES;
				CLANG_ENABLE_OBJC_ARC = YES;
				CLANG_ENABLE_OBJC_WEAK = YES;
				CLANG_WARN_BLOCK_CAPTURE_AUTORELEASING = YES;
				CLANG_WARN_BOOL_CONVERSION = YES;
				CLANG_WARN_COMMA = YES;
				CLANG_WARN_CONSTANT_CONVERSION = YES;
				CLANG_WARN_DEPRECATED_OBJC_IMPLEMENTATIONS = YES;
				CLANG_WARN_DIRECT_OBJC_ISA_USAGE = YES_ERROR;
				CLANG_WARN_DOCUMENTATION_COMMENTS = YES;
				CLANG_WARN_EMPTY_BODY = YES;
				CLANG_WARN_ENUM_CONVERSION = YES;
				CLANG_WARN_INFINITE_RECURSION = YES;
				CLANG_WARN_INT_CONVERSION = YES;
				CLANG_WARN_NON_LITERAL_NULL_CONVERSION = YES;
				CLANG_WARN_OBJC_IMPLICIT_RETAIN_SELF = YES;
				CLANG_WARN_OBJC_LITERAL_CONVERSION = YES;
				CLANG_WARN_OBJC_ROOT_CLASS = YES_ERROR;
				CLANG_WARN_QUOTED_INCLUDE_IN_FRAMEWORK_HEADER = YES;
				CLANG_WARN_RANGE_LOOP_ANALYSIS = YES;
				CLANG_WARN_STRICT_PROTOTYPES = YES;
				CLANG_WARN_SUSPICIOUS_MOVE = YES;
				CLANG_WARN_UNGUARDED_AVAILABILITY = YES_AGGRESSIVE;
				CLANG_WARN_UNREACHABLE_CODE = YES;
				CLANG_WARN__DUPLICATE_METHOD_MATCH = YES;
				COPY_PHASE_STRIP = NO;
				DEBUG_INFORMATION_FORMAT = dwarf;
				ENABLE_STRICT_OBJC_MSGSEND = YES;
				ENABLE_TESTABILITY = YES;
				GCC_C_LANGUAGE_STANDARD = gnu11;
				GCC_DYNAMIC_NO_PIC = NO;
				GCC_NO_COMMON_BLOCKS = YES;
				GCC_OPTIMIZATION_LEVEL = 0;
				GCC_PREPROCESSOR_DEFINITIONS = (
					"DEBUG=1",
					"$(inherited)",
				);
				GCC_WARN_64_TO_32_BIT_CONVERSION = YES;
				GCC_WARN_ABOUT_RETURN_TYPE = YES_ERROR;
				GCC_WARN_UNDECLARED_SELECTOR = YES;
				GCC_WARN_UNINITIALIZED_AUTOS = YES_AGGRESSIVE;
				GCC_WARN_UNUSED_FUNCTION = YES;
				GCC_WARN_UNUSED_VARIABLE = YES;
				IPHONEOS_DEPLOYMENT_TARGET = 15.0;
				MTL_ENABLE_DEBUG_INFO = INCLUDE_SOURCE;
				MTL_FAST_MATH = YES;
				ONLY_ACTIVE_ARCH = YES;
				SDKROOT = iphoneos;
				SWIFT_ACTIVE_COMPILATION_CONDITIONS = DEBUG;
				SWIFT_OPTIMIZATION_LEVEL = "-Onone";
			};
			name = Debug;
		};
		F4C8FA5627160031001FBFF3 /* Release */ = {
			isa = XCBuildConfiguration;
			buildSettings = {
				ALWAYS_SEARCH_USER_PATHS = NO;
				CLANG_ANALYZER_NONNULL = YES;
				CLANG_ANALYZER_NUMBER_OBJECT_CONVERSION = YES_AGGRESSIVE;
				CLANG_CXX_LANGUAGE_STANDARD = "gnu++17";
				CLANG_CXX_LIBRARY = "libc++";
				CLANG_ENABLE_MODULES = YES;
				CLANG_ENABLE_OBJC_ARC = YES;
				CLANG_ENABLE_OBJC_WEAK = YES;
				CLANG_WARN_BLOCK_CAPTURE_AUTORELEASING = YES;
				CLANG_WARN_BOOL_CONVERSION = YES;
				CLANG_WARN_COMMA = YES;
				CLANG_WARN_CONSTANT_CONVERSION = YES;
				CLANG_WARN_DEPRECATED_OBJC_IMPLEMENTATIONS = YES;
				CLANG_WARN_DIRECT_OBJC_ISA_USAGE = YES_ERROR;
				CLANG_WARN_DOCUMENTATION_COMMENTS = YES;
				CLANG_WARN_EMPTY_BODY = YES;
				CLANG_WARN_ENUM_CONVERSION = YES;
				CLANG_WARN_INFINITE_RECURSION = YES;
				CLANG_WARN_INT_CONVERSION = YES;
				CLANG_WARN_NON_LITERAL_NULL_CONVERSION = YES;
				CLANG_WARN_OBJC_IMPLICIT_RETAIN_SELF = YES;
				CLANG_WARN_OBJC_LITERAL_CONVERSION = YES;
				CLANG_WARN_OBJC_ROOT_CLASS = YES_ERROR;
				CLANG_WARN_QUOTED_INCLUDE_IN_FRAMEWORK_HEADER = YES;
				CLANG_WARN_RANGE_LOOP_ANALYSIS = YES;
				CLANG_WARN_STRICT_PROTOTYPES = YES;
				CLANG_WARN_SUSPICIOUS_MOVE = YES;
				CLANG_WARN_UNGUARDED_AVAILABILITY = YES_AGGRESSIVE;
				CLANG_WARN_UNREACHABLE_CODE = YES;
				CLANG_WARN__DUPLICATE_METHOD_MATCH = YES;
				COPY_PHASE_STRIP = NO;
				DEBUG_INFORMATION_FORMAT = "dwarf-with-dsym";
				ENABLE_NS_ASSERTIONS = NO;
				ENABLE_STRICT_OBJC_MSGSEND = YES;
				GCC_C_LANGUAGE_STANDARD = gnu11;
				GCC_NO_COMMON_BLOCKS = YES;
				GCC_WARN_64_TO_32_BIT_CONVERSION = YES;
				GCC_WARN_ABOUT_RETURN_TYPE = YES_ERROR;
				GCC_WARN_UNDECLARED_SELECTOR = YES;
				GCC_WARN_UNINITIALIZED_AUTOS = YES_AGGRESSIVE;
				GCC_WARN_UNUSED_FUNCTION = YES;
				GCC_WARN_UNUSED_VARIABLE = YES;
				IPHONEOS_DEPLOYMENT_TARGET = 15.0;
				MTL_ENABLE_DEBUG_INFO = NO;
				MTL_FAST_MATH = YES;
				SDKROOT = iphoneos;
				SWIFT_COMPILATION_MODE = wholemodule;
				SWIFT_OPTIMIZATION_LEVEL = "-O";
				VALIDATE_PRODUCT = YES;
			};
			name = Release;
		};
		F4C8FA5827160031001FBFF3 /* Debug */ = {
			isa = XCBuildConfiguration;
			buildSettings = {
				ASSETCATALOG_COMPILER_APPICON_NAME = AppIcon;
				ASSETCATALOG_COMPILER_GLOBAL_ACCENT_COLOR_NAME = AccentColor;
				CODE_SIGN_STYLE = Automatic;
				CURRENT_PROJECT_VERSION = 1;
				DEVELOPMENT_ASSET_PATHS = "\"Flightainment.swift/Preview Content\"";
				DEVELOPMENT_TEAM = 5JLM354JW4;
				ENABLE_PREVIEWS = YES;
				GENERATE_INFOPLIST_FILE = YES;
				INFOPLIST_FILE = "Flightainment-swift-Info.plist";
				INFOPLIST_KEY_UIApplicationSceneManifest_Generation = YES;
				INFOPLIST_KEY_UIApplicationSupportsIndirectInputEvents = YES;
				INFOPLIST_KEY_UILaunchScreen_Generation = YES;
				INFOPLIST_KEY_UISupportedInterfaceOrientations_iPad = "UIInterfaceOrientationPortrait UIInterfaceOrientationPortraitUpsideDown UIInterfaceOrientationLandscapeLeft UIInterfaceOrientationLandscapeRight";
				INFOPLIST_KEY_UISupportedInterfaceOrientations_iPhone = "UIInterfaceOrientationPortrait UIInterfaceOrientationLandscapeLeft UIInterfaceOrientationLandscapeRight";
				IPHONEOS_DEPLOYMENT_TARGET = 14.0;
				LD_RUNPATH_SEARCH_PATHS = (
					"$(inherited)",
					"@executable_path/Frameworks",
				);
				MARKETING_VERSION = 1.0;
				PRODUCT_BUNDLE_IDENTIFIER = "com.ian.test.Flightainment-swift";
				PRODUCT_NAME = "$(TARGET_NAME)";
				SWIFT_EMIT_LOC_STRINGS = YES;
				SWIFT_VERSION = 5.0;
				TARGETED_DEVICE_FAMILY = "1,2";
			};
			name = Debug;
		};
		F4C8FA5927160031001FBFF3 /* Release */ = {
			isa = XCBuildConfiguration;
			buildSettings = {
				ASSETCATALOG_COMPILER_APPICON_NAME = AppIcon;
				ASSETCATALOG_COMPILER_GLOBAL_ACCENT_COLOR_NAME = AccentColor;
				CODE_SIGN_STYLE = Automatic;
				CURRENT_PROJECT_VERSION = 1;
				DEVELOPMENT_ASSET_PATHS = "\"Flightainment.swift/Preview Content\"";
				DEVELOPMENT_TEAM = 5JLM354JW4;
				ENABLE_PREVIEWS = YES;
				GENERATE_INFOPLIST_FILE = YES;
				INFOPLIST_FILE = "Flightainment-swift-Info.plist";
				INFOPLIST_KEY_UIApplicationSceneManifest_Generation = YES;
				INFOPLIST_KEY_UIApplicationSupportsIndirectInputEvents = YES;
				INFOPLIST_KEY_UILaunchScreen_Generation = YES;
				INFOPLIST_KEY_UISupportedInterfaceOrientations_iPad = "UIInterfaceOrientationPortrait UIInterfaceOrientationPortraitUpsideDown UIInterfaceOrientationLandscapeLeft UIInterfaceOrientationLandscapeRight";
				INFOPLIST_KEY_UISupportedInterfaceOrientations_iPhone = "UIInterfaceOrientationPortrait UIInterfaceOrientationLandscapeLeft UIInterfaceOrientationLandscapeRight";
				IPHONEOS_DEPLOYMENT_TARGET = 14.0;
				LD_RUNPATH_SEARCH_PATHS = (
					"$(inherited)",
					"@executable_path/Frameworks",
				);
				MARKETING_VERSION = 1.0;
				PRODUCT_BUNDLE_IDENTIFIER = "com.ian.test.Flightainment-swift";
				PRODUCT_NAME = "$(TARGET_NAME)";
				SWIFT_EMIT_LOC_STRINGS = YES;
				SWIFT_VERSION = 5.0;
				TARGETED_DEVICE_FAMILY = "1,2";
			};
			name = Release;
		};
/* End XCBuildConfiguration section */

/* Begin XCConfigurationList section */
		F4C8FA442716001F001FBFF3 /* Build configuration list for PBXProject "Flightainment.swift" */ = {
			isa = XCConfigurationList;
			buildConfigurations = (
				F4C8FA5527160031001FBFF3 /* Debug */,
				F4C8FA5627160031001FBFF3 /* Release */,
			);
			defaultConfigurationIsVisible = 0;
			defaultConfigurationName = Release;
		};
		F4C8FA5727160031001FBFF3 /* Build configuration list for PBXNativeTarget "Flightainment.swift" */ = {
			isa = XCConfigurationList;
			buildConfigurations = (
				F4C8FA5827160031001FBFF3 /* Debug */,
				F4C8FA5927160031001FBFF3 /* Release */,
			);
			defaultConfigurationIsVisible = 0;
			defaultConfigurationName = Release;
		};
/* End XCConfigurationList section */
	};
	rootObject = F4C8FA412716001F001FBFF3 /* Project object */;
}
